
Microsoft Visual Studio Solution File, Format Version 12.00
# Visual Studio Version 16
VisualStudioVersion = 16.0.29519.87
MinimumVisualStudioVersion = 10.0.40219.1
Project("{9A19103F-16F7-4668-BE54-9A1E7A4F7556}") = "GameOfLifeConsole", "GameOfLife\GameOfLifeConsole.csproj", "{88248D85-CAA7-41A8-AE78-51A33F8460D0}"
EndProject
Project("{9A19103F-16F7-4668-BE54-9A1E7A4F7556}") = "GameOfLifeTests", "GameOfLifeTests\GameOfLifeTests.csproj", "{D2FE5BC8-BCC7-46CE-A2EC-80EB966AC250}"
EndProject
Project("{FAE04EC0-301F-11D3-BF4B-00C04F79EFBC}") = "GoL", "GoL\GoL.csproj", "{1A0AAEB1-F177-4363-97B4-871E2C7C1ECE}"
EndProject
Global
	GlobalSection(SolutionConfigurationPlatforms) = preSolution
		Debug|Any CPU = Debug|Any CPU
		Release|Any CPU = Release|Any CPU
	EndGlobalSection
	GlobalSection(ProjectConfigurationPlatforms) = postSolution
		{88248D85-CAA7-41A8-AE78-51A33F8460D0}.Debug|Any CPU.ActiveCfg = Debug|Any CPU
		{88248D85-CAA7-41A8-AE78-51A33F8460D0}.Debug|Any CPU.Build.0 = Debug|Any CPU
		{88248D85-CAA7-41A8-AE78-51A33F8460D0}.Release|Any CPU.ActiveCfg = Release|Any CPU
		{88248D85-CAA7-41A8-AE78-51A33F8460D0}.Release|Any CPU.Build.0 = Release|Any CPU
		{D2FE5BC8-BCC7-46CE-A2EC-80EB966AC250}.Debug|Any CPU.ActiveCfg = Debug|Any CPU
		{D2FE5BC8-BCC7-46CE-A2EC-80EB966AC250}.Debug|Any CPU.Build.0 = Debug|Any CPU
		{D2FE5BC8-BCC7-46CE-A2EC-80EB966AC250}.Release|Any CPU.ActiveCfg = Release|Any CPU
		{D2FE5BC8-BCC7-46CE-A2EC-80EB966AC250}.Release|Any CPU.Build.0 = Release|Any CPU
		{1A0AAEB1-F177-4363-97B4-871E2C7C1ECE}.Debug|Any CPU.ActiveCfg = Debug|Any CPU
		{1A0AAEB1-F177-4363-97B4-871E2C7C1ECE}.Debug|Any CPU.Build.0 = Debug|Any CPU
		{1A0AAEB1-F177-4363-97B4-871E2C7C1ECE}.Release|Any CPU.ActiveCfg = Release|Any CPU
		{1A0AAEB1-F177-4363-97B4-871E2C7C1ECE}.Release|Any CPU.Build.0 = Release|Any CPU
	EndGlobalSection
	GlobalSection(SolutionProperties) = preSolution
		HideSolutionNode = FALSE
	EndGlobalSection
	GlobalSection(ExtensibilityGlobals) = postSolution
		SolutionGuid = {4F596F56-50FF-469C-B378-AE21373612E0}
	EndGlobalSection
EndGlobal
